<?xml version="1.0" encoding="utf-8"?>
<Project ToolsVersion="4.0" xmlns="http://schemas.microsoft.com/developer/msbuild/2003">
  <ItemGroup>
    <ApplicationDefinition Include="App.xaml" />
  </ItemGroup>
  <ItemGroup>
    <ClCompile Include="pch.cpp" />
    <ClCompile Include="$(GeneratedFilesDir)module.g.cpp" />
  </ItemGroup>
  <ItemGroup>
    <ClInclude Include="pch.h" />
  </ItemGroup>
  <ItemGroup>
    <Image Include="Assets\SmallTile.scale-100.png">
      <Filter>Assets</Filter>
    </Image>
    <Image Include="Assets\SmallTile.scale-125.png">
      <Filter>Assets</Filter>
    </Image>
    <Image Include="Assets\SmallTile.scale-150.png">
      <Filter>Assets</Filter>
    </Image>
    <Image Include="Assets\SmallTile.scale-200.png">
      <Filter>Assets</Filter>
    </Image>
    <Image Include="Assets\SmallTile.scale-400.png">
      <Filter>Assets</Filter>
    </Image>
    <Image Include="Assets\Square150x150Logo.scale-100.png">
      <Filter>Assets</Filter>
    </Image>
    <Image Include="Assets\Square150x150Logo.scale-125.png">
      <Filter>Assets</Filter>
    </Image>
    <Image Include="Assets\Square150x150Logo.scale-150.png">
      <Filter>Assets</Filter>
    </Image>
    <Image Include="Assets\Square150x150Logo.scale-400.png">
      <Filter>Assets</Filter>
    </Image>
    <Image Include="Assets\Wide310x150Logo.scale-100.png">
      <Filter>Assets</Filter>
    </Image>
    <Image Include="Assets\Wide310x150Logo.scale-125.png">
      <Filter>Assets</Filter>
    </Image>
    <Image Include="Assets\Wide310x150Logo.scale-150.png">
      <Filter>Assets</Filter>
    </Image>
    <Image Include="Assets\Wide310x150Logo.scale-400.png">
      <Filter>Assets</Filter>
    </Image>
    <Image Include="Assets\LargeTile.scale-100.png">
      <Filter>Assets</Filter>
    </Image>
    <Image Include="Assets\LargeTile.scale-125.png">
      <Filter>Assets</Filter>
    </Image>
    <Image Include="Assets\LargeTile.scale-150.png">
      <Filter>Assets</Filter>
    </Image>
    <Image Include="Assets\LargeTile.scale-200.png">
      <Filter>Assets</Filter>
    </Image>
    <Image Include="Assets\LargeTile.scale-400.png">
      <Filter>Assets</Filter>
    </Image>
    <Image Include="Assets\Square44x44Logo.scale-100.png">
      <Filter>Assets</Filter>
    </Image>
    <Image Include="Assets\Square44x44Logo.scale-125.png">
      <Filter>Assets</Filter>
    </Image>
    <Image Include="Assets\Square44x44Logo.scale-150.png">
      <Filter>Assets</Filter>
    </Image>
    <Image Include="Assets\Square44x44Logo.scale-400.png">
      <Filter>Assets</Filter>
    </Image>
    <Image Include="Assets\Square44x44Logo.targetsize-16.png">
      <Filter>Assets</Filter>
    </Image>
    <Image Include="Assets\Square44x44Logo.targetsize-24.png">
      <Filter>Assets</Filter>
    </Image>
    <Image Include="Assets\Square44x44Logo.targetsize-32.png">
      <Filter>Assets</Filter>
    </Image>
    <Image Include="Assets\Square44x44Logo.targetsize-48.png">
      <Filter>Assets</Filter>
    </Image>
    <Image Include="Assets\Square44x44Logo.targetsize-256.png">
      <Filter>Assets</Filter>
    </Image>
    <Image Include="Assets\Square44x44Logo.altform-unplated_targetsize-16.png">
      <Filter>Assets</Filter>
    </Image>
    <Image Include="Assets\Square44x44Logo.altform-unplated_targetsize-32.png">
      <Filter>Assets</Filter>
    </Image>
    <Image Include="Assets\Square44x44Logo.altform-unplated_targetsize-48.png">
      <Filter>Assets</Filter>
    </Image>
    <Image Include="Assets\Square44x44Logo.altform-unplated_targetsize-256.png">
      <Filter>Assets</Filter>
    </Image>
    <Image Include="Assets\SplashScreen.scale-100.png">
      <Filter>Assets</Filter>
    </Image>
    <Image Include="Assets\SplashScreen.scale-125.png">
      <Filter>Assets</Filter>
    </Image>
    <Image Include="Assets\SplashScreen.scale-150.png">
      <Filter>Assets</Filter>
    </Image>
    <Image Include="Assets\SplashScreen.scale-400.png">
      <Filter>Assets</Filter>
    </Image>
    <Image Include="Assets\StoreLogo.scale-100.png">
      <Filter>Assets</Filter>
    </Image>
    <Image Include="Assets\StoreLogo.scale-125.png">
      <Filter>Assets</Filter>
    </Image>
    <Image Include="Assets\StoreLogo.scale-150.png">
      <Filter>Assets</Filter>
    </Image>
    <Image Include="Assets\StoreLogo.scale-200.png">
      <Filter>Assets</Filter>
    </Image>
    <Image Include="Assets\StoreLogo.scale-400.png">
      <Filter>Assets</Filter>
    </Image>
    <Image Include="Assets\Square150x150Logo.scale-200.png">
      <Filter>Assets</Filter>
    </Image>
    <Image Include="Assets\Wide310x150Logo.scale-200.png">
      <Filter>Assets</Filter>
    </Image>
    <Image Include="Assets\Square44x44Logo.scale-200.png">
      <Filter>Assets</Filter>
    </Image>
    <Image Include="Assets\Square44x44Logo.altform-unplated_targetsize-24.png">
      <Filter>Assets</Filter>
    </Image>
    <Image Include="Assets\SplashScreen.scale-200.png">
      <Filter>Assets</Filter>
    </Image>
    <Image Include="Assets\LockScreenLogo.scale-200.png">
      <Filter>Assets</Filter>
    </Image>
    <Image Include="Widget2\Icons\icon.light.targetsize-16.png">
      <Filter>Widget2\Icons</Filter>
    </Image>
    <Image Include="Widget2\Icons\icon.light.targetsize-20.png">
      <Filter>Widget2\Icons</Filter>
    </Image>
    <Image Include="Widget2\Icons\icon.light.targetsize-24.png">
      <Filter>Widget2\Icons</Filter>
    </Image>
    <Image Include="Widget2\Icons\icon.light.targetsize-32.png">
      <Filter>Widget2\Icons</Filter>
    </Image>
    <Image Include="Widget2\Icons\icon.light.targetsize-44.png">
      <Filter>Widget2\Icons</Filter>
    </Image>
    <Image Include="Widget2\Icons\icon.light.targetsize-256.png">
      <Filter>Widget2\Icons</Filter>
    </Image>
  </ItemGroup>
  <ItemGroup>
    <AppxManifest Include="Package.appxmanifest" />
  </ItemGroup>
  <ItemGroup>
    <None Include="packages.config" />
    <Image Include="Widget2\Icons\icon.targetsize-16.png">
      <Filter>Widget2\Icons</Filter>
    </Image>
    <Image Include="Widget1\Icons\icon.targetsize-16.png">
      <Filter>Widget1\Icons</Filter>
    </Image>
    <Image Include="Widget1\Icons\icon.targetsize-20.png">
      <Filter>Widget1\Icons</Filter>
    </Image>
    <Image Include="Widget2\Icons\icon.targetsize-20.png">
      <Filter>Widget2\Icons</Filter>
    </Image>
    <Image Include="Widget2\Icons\icon.targetsize-24.png">
      <Filter>Widget2\Icons</Filter>
    </Image>
    <Image Include="Widget1\Icons\icon.targetsize-24.png">
      <Filter>Widget1\Icons</Filter>
    </Image>
    <Image Include="Widget2\Icons\icon.targetsize-32.png">
      <Filter>Widget2\Icons</Filter>
    </Image>
    <Image Include="Widget1\Icons\icon.targetsize-32.png">
      <Filter>Widget1\Icons</Filter>
    </Image>
    <Image Include="Widget2\Icons\icon.targetsize-44.png">
      <Filter>Widget2\Icons</Filter>
    </Image>
    <Image Include="Widget1\Icons\icon.targetsize-44.png">
      <Filter>Widget1\Icons</Filter>
    </Image>
    <Image Include="Widget1\Icons\icon.targetsize-256.png">
      <Filter>Widget1\Icons</Filter>
    </Image>
    <Image Include="Widget2\Icons\icon.targetsize-256.png">
      <Filter>Widget2\Icons</Filter>
    </Image>
  </ItemGroup>
  <ItemGroup>
    <Page Include="Widget1Settings.xaml" />
    <Page Include="MainPage.xaml" />
    <Page Include="Widget1.xaml" />
    <Page Include="Widget2.xaml" />
  </ItemGroup>
  <ItemGroup>
    <Filter Include="Assets">
      <UniqueIdentifier>{87e657f4-9410-4f96-ba87-ebafb05e5826}</UniqueIdentifier>
    </Filter>
    <Filter Include="Widget1">
      <UniqueIdentifier>{a804d38b-800a-4e1d-9799-7403aa7c67a9}</UniqueIdentifier>
    </Filter>
    <Filter Include="Widget1\Icons">
      <UniqueIdentifier>{ddb49ac4-0042-4d87-966e-3415279a8dc6}</UniqueIdentifier>
    </Filter>
    <Filter Include="Widget2">
      <UniqueIdentifier>{02b3b3c7-e554-437f-bf67-b7e3cfac8848}</UniqueIdentifier>
    </Filter>
    <Filter Include="Widget2\Icons">
      <UniqueIdentifier>{e48db08b-926a-423c-b300-d420e480f17b}</UniqueIdentifier>
    </Filter>
  </ItemGroup>
</Project>