Microsoft Visual Studio Solution File, Format Version 12.00
# Visual Studio Version 16
VisualStudioVersion = 16.0.30112.204
MinimumVisualStudioVersion = 10.0.40219.1

Project("{FAE04EC0-301F-11D3-BF4B-00C04F79EFBC}") = "WidgetForegroundWorkerSampleCS", "WidgetForegroundWorkerSampleCS\WidgetForegroundWorkerSampleCS.csproj", "{CF9951F6-A12F-4403-B121-22880DC917FB}"
EndProject

Global
    GlobalSection(SolutionConfigurationPlatforms) = preSolution
        Debug|ARM64 = Debug|ARM64
        Debug|x64 = Debug|x64
        Debug|x86 = Debug|x86
        Release|ARM64 = Release|ARM64
        Release|x64 = Release|x64
        Release|x86 = Release|x86
    EndGlobalSection

    GlobalSection(ProjectConfigurationPlatforms) = postSolution
        {CF9951F6-A12F-4403-B121-22880DC917FB}.Debug|ARM64.ActiveCfg = Debug|ARM64
        {CF9951F6-A12F-4403-B121-22880DC917FB}.Debug|ARM64.Build.0 = Debug|ARM64
        {CF9951F6-A12F-4403-B121-22880DC917FB}.Debug|ARM64.Deploy.0 = Debug|ARM64
        {CF9951F6-A12F-4403-B121-22880DC917FB}.Debug|x64.ActiveCfg = Debug|x64
        {CF9951F6-A12F-4403-B121-22880DC917FB}.Debug|x64.Build.0 = Debug|x64
        {CF9951F6-A12F-4403-B121-22880DC917FB}.Debug|x64.Deploy.0 = Debug|x64
        {CF9951F6-A12F-4403-B121-22880DC917FB}.Debug|x86.ActiveCfg = Debug|x86
        {CF9951F6-A12F-4403-B121-22880DC917FB}.Debug|x86.Build.0 = Debug|x86
        {CF9951F6-A12F-4403-B121-22880DC917FB}.Debug|x86.Deploy.0 = Debug|x86
        {CF9951F6-A12F-4403-B121-22880DC917FB}.Release|ARM64.ActiveCfg = Release|ARM64
        {CF9951F6-A12F-4403-B121-22880DC917FB}.Release|ARM64.Build.0 = Release|ARM64
        {CF9951F6-A12F-4403-B121-22880DC917FB}.Release|ARM64.Deploy.0 = Release|ARM64
        {CF9951F6-A12F-4403-B121-22880DC917FB}.Release|x64.ActiveCfg = Release|x64
        {CF9951F6-A12F-4403-B121-22880DC917FB}.Release|x64.Build.0 = Release|x64
        {CF9951F6-A12F-4403-B121-22880DC917FB}.Release|x64.Deploy.0 = Release|x64
        {CF9951F6-A12F-4403-B121-22880DC917FB}.Release|x86.ActiveCfg = Release|x86
        {CF9951F6-A12F-4403-B121-22880DC917FB}.Release|x86.Build.0 = Release|x86
        {CF9951F6-A12F-4403-B121-22880DC917FB}.Release|x86.Deploy.0 = Release|x86
    EndGlobalSection

    GlobalSection(SolutionProperties) = preSolution
        HideSolutionNode = FALSE
    EndGlobalSection

    GlobalSection(ExtensibilityGlobals) = postSolution
        SolutionGuid = {4A2B1AA9-426B-4C5E-A851-D8CF2F870A6F}
    EndGlobalSection
EndGlobal
