
Microsoft Visual Studio Solution File, Format Version 12.00
# Visual Studio Version 16
VisualStudioVersion = 16.0.29709.97
MinimumVisualStudioVersion = 10.0.40219.1
Project("{8BC9CEB8-8B4A-11D0-8D11-00A0C91BC942}") = "WidgetAdvSample", "WidgetAdvSample\WidgetAdvSample.vcxproj", "{C528C799-626F-4433-A96F-9D64C600B84A}"
EndProject
Project("{8BC9CEB8-8B4A-11D0-8D11-00A0C91BC942}") = "WidgetSample", "WidgetSample\WidgetSample.vcxproj", "{D92D2EDC-0097-4C14-A1B7-3AFECB07251D}"
EndProject
Project("{FAE04EC0-301F-11D3-BF4B-00C04F79EFBC}") = "WidgetSampleCS", "WidgetSampleCS\WidgetSampleCS.csproj", "{94D05A38-04B0-4EA4-AD28-4ADFE4719E84}"
EndProject
Project("{8BC9CEB8-8B4A-11D0-8D11-00A0C91BC942}") = "WidgetSampleCX", "WidgetSampleCX\WidgetSampleCX.vcxproj", "{56E49CA2-914A-45C7-9ED2-23F416F4F570}"
EndProject
Project("{8BC9CEB8-8B4A-11D0-8D11-00A0C91BC942}") = "WidgetSettingsSample", "WidgetSettingsSample\WidgetSettingsSample.vcxproj", "{E653C0F6-71A5-42F9-8063-D4C8DB8D4887}"
EndProject
Project("{FAE04EC0-301F-11D3-BF4B-00C04F79EFBC}") = "WidgetAdvSampleCS", "WidgetAdvSampleCS\WidgetAdvSampleCS.csproj", "{A2181EB4-E748-433B-96C1-8223B2A9EF18}"
EndProject
Global
	GlobalSection(SolutionConfigurationPlatforms) = preSolution
		Debug|ARM = Debug|ARM
		Debug|ARM64 = Debug|ARM64
		Debug|x64 = Debug|x64
		Debug|x86 = Debug|x86
		Release|ARM = Release|ARM
		Release|ARM64 = Release|ARM64
		Release|x64 = Release|x64
		Release|x86 = Release|x86
	EndGlobalSection
	GlobalSection(ProjectConfigurationPlatforms) = postSolution
		{C528C799-626F-4433-A96F-9D64C600B84A}.Debug|ARM.ActiveCfg = Debug|ARM
		{C528C799-626F-4433-A96F-9D64C600B84A}.Debug|ARM.Build.0 = Debug|ARM
		{C528C799-626F-4433-A96F-9D64C600B84A}.Debug|ARM.Deploy.0 = Debug|ARM
		{C528C799-626F-4433-A96F-9D64C600B84A}.Debug|ARM64.ActiveCfg = Debug|ARM64
		{C528C799-626F-4433-A96F-9D64C600B84A}.Debug|ARM64.Build.0 = Debug|ARM64
		{C528C799-626F-4433-A96F-9D64C600B84A}.Debug|ARM64.Deploy.0 = Debug|ARM64
		{C528C799-626F-4433-A96F-9D64C600B84A}.Debug|x64.ActiveCfg = Debug|x64
		{C528C799-626F-4433-A96F-9D64C600B84A}.Debug|x64.Build.0 = Debug|x64
		{C528C799-626F-4433-A96F-9D64C600B84A}.Debug|x64.Deploy.0 = Debug|x64
		{C528C799-626F-4433-A96F-9D64C600B84A}.Debug|x86.ActiveCfg = Debug|Win32
		{C528C799-626F-4433-A96F-9D64C600B84A}.Debug|x86.Build.0 = Debug|Win32
		{C528C799-626F-4433-A96F-9D64C600B84A}.Debug|x86.Deploy.0 = Debug|Win32
		{C528C799-626F-4433-A96F-9D64C600B84A}.Release|ARM.ActiveCfg = Release|Win32
		{C528C799-626F-4433-A96F-9D64C600B84A}.Release|ARM64.ActiveCfg = Release|ARM64
		{C528C799-626F-4433-A96F-9D64C600B84A}.Release|ARM64.Build.0 = Release|ARM64
		{C528C799-626F-4433-A96F-9D64C600B84A}.Release|ARM64.Deploy.0 = Release|ARM64
		{C528C799-626F-4433-A96F-9D64C600B84A}.Release|x64.ActiveCfg = Release|x64
		{C528C799-626F-4433-A96F-9D64C600B84A}.Release|x64.Build.0 = Release|x64
		{C528C799-626F-4433-A96F-9D64C600B84A}.Release|x64.Deploy.0 = Release|x64
		{C528C799-626F-4433-A96F-9D64C600B84A}.Release|x86.ActiveCfg = Release|Win32
		{C528C799-626F-4433-A96F-9D64C600B84A}.Release|x86.Build.0 = Release|Win32
		{C528C799-626F-4433-A96F-9D64C600B84A}.Release|x86.Deploy.0 = Release|Win32
		{D92D2EDC-0097-4C14-A1B7-3AFECB07251D}.Debug|ARM.ActiveCfg = Debug|ARM
		{D92D2EDC-0097-4C14-A1B7-3AFECB07251D}.Debug|ARM.Build.0 = Debug|ARM
		{D92D2EDC-0097-4C14-A1B7-3AFECB07251D}.Debug|ARM.Deploy.0 = Debug|ARM
		{D92D2EDC-0097-4C14-A1B7-3AFECB07251D}.Debug|ARM64.ActiveCfg = Debug|ARM64
		{D92D2EDC-0097-4C14-A1B7-3AFECB07251D}.Debug|ARM64.Build.0 = Debug|ARM64
		{D92D2EDC-0097-4C14-A1B7-3AFECB07251D}.Debug|ARM64.Deploy.0 = Debug|ARM64
		{D92D2EDC-0097-4C14-A1B7-3AFECB07251D}.Debug|x64.ActiveCfg = Debug|x64
		{D92D2EDC-0097-4C14-A1B7-3AFECB07251D}.Debug|x64.Build.0 = Debug|x64
		{D92D2EDC-0097-4C14-A1B7-3AFECB07251D}.Debug|x64.Deploy.0 = Debug|x64
		{D92D2EDC-0097-4C14-A1B7-3AFECB07251D}.Debug|x86.ActiveCfg = Debug|Win32
		{D92D2EDC-0097-4C14-A1B7-3AFECB07251D}.Debug|x86.Build.0 = Debug|Win32
		{D92D2EDC-0097-4C14-A1B7-3AFECB07251D}.Debug|x86.Deploy.0 = Debug|Win32
		{D92D2EDC-0097-4C14-A1B7-3AFECB07251D}.Release|ARM.ActiveCfg = Release|Win32
		{D92D2EDC-0097-4C14-A1B7-3AFECB07251D}.Release|ARM64.ActiveCfg = Release|ARM64
		{D92D2EDC-0097-4C14-A1B7-3AFECB07251D}.Release|ARM64.Build.0 = Release|ARM64
		{D92D2EDC-0097-4C14-A1B7-3AFECB07251D}.Release|ARM64.Deploy.0 = Release|ARM64
		{D92D2EDC-0097-4C14-A1B7-3AFECB07251D}.Release|x64.ActiveCfg = Release|x64
		{D92D2EDC-0097-4C14-A1B7-3AFECB07251D}.Release|x64.Build.0 = Release|x64
		{D92D2EDC-0097-4C14-A1B7-3AFECB07251D}.Release|x64.Deploy.0 = Release|x64
		{D92D2EDC-0097-4C14-A1B7-3AFECB07251D}.Release|x86.ActiveCfg = Release|Win32
		{D92D2EDC-0097-4C14-A1B7-3AFECB07251D}.Release|x86.Build.0 = Release|Win32
		{D92D2EDC-0097-4C14-A1B7-3AFECB07251D}.Release|x86.Deploy.0 = Release|Win32
		{94D05A38-04B0-4EA4-AD28-4ADFE4719E84}.Debug|ARM.ActiveCfg = Debug|ARM
		{94D05A38-04B0-4EA4-AD28-4ADFE4719E84}.Debug|ARM.Build.0 = Debug|ARM
		{94D05A38-04B0-4EA4-AD28-4ADFE4719E84}.Debug|ARM.Deploy.0 = Debug|ARM
		{94D05A38-04B0-4EA4-AD28-4ADFE4719E84}.Debug|ARM64.ActiveCfg = Debug|ARM64
		{94D05A38-04B0-4EA4-AD28-4ADFE4719E84}.Debug|ARM64.Build.0 = Debug|ARM64
		{94D05A38-04B0-4EA4-AD28-4ADFE4719E84}.Debug|ARM64.Deploy.0 = Debug|ARM64
		{94D05A38-04B0-4EA4-AD28-4ADFE4719E84}.Debug|x64.ActiveCfg = Debug|x64
		{94D05A38-04B0-4EA4-AD28-4ADFE4719E84}.Debug|x64.Build.0 = Debug|x64
		{94D05A38-04B0-4EA4-AD28-4ADFE4719E84}.Debug|x64.Deploy.0 = Debug|x64
		{94D05A38-04B0-4EA4-AD28-4ADFE4719E84}.Debug|x86.ActiveCfg = Debug|x86
		{94D05A38-04B0-4EA4-AD28-4ADFE4719E84}.Debug|x86.Build.0 = Debug|x86
		{94D05A38-04B0-4EA4-AD28-4ADFE4719E84}.Debug|x86.Deploy.0 = Debug|x86
		{94D05A38-04B0-4EA4-AD28-4ADFE4719E84}.Release|ARM.ActiveCfg = Release|ARM
		{94D05A38-04B0-4EA4-AD28-4ADFE4719E84}.Release|ARM.Build.0 = Release|ARM
		{94D05A38-04B0-4EA4-AD28-4ADFE4719E84}.Release|ARM.Deploy.0 = Release|ARM
		{94D05A38-04B0-4EA4-AD28-4ADFE4719E84}.Release|ARM64.ActiveCfg = Release|ARM64
		{94D05A38-04B0-4EA4-AD28-4ADFE4719E84}.Release|ARM64.Build.0 = Release|ARM64
		{94D05A38-04B0-4EA4-AD28-4ADFE4719E84}.Release|ARM64.Deploy.0 = Release|ARM64
		{94D05A38-04B0-4EA4-AD28-4ADFE4719E84}.Release|x64.ActiveCfg = Release|x64
		{94D05A38-04B0-4EA4-AD28-4ADFE4719E84}.Release|x64.Build.0 = Release|x64
		{94D05A38-04B0-4EA4-AD28-4ADFE4719E84}.Release|x64.Deploy.0 = Release|x64
		{94D05A38-04B0-4EA4-AD28-4ADFE4719E84}.Release|x86.ActiveCfg = Release|x86
		{94D05A38-04B0-4EA4-AD28-4ADFE4719E84}.Release|x86.Build.0 = Release|x86
		{94D05A38-04B0-4EA4-AD28-4ADFE4719E84}.Release|x86.Deploy.0 = Release|x86
		{56E49CA2-914A-45C7-9ED2-23F416F4F570}.Debug|ARM.ActiveCfg = Debug|ARM
		{56E49CA2-914A-45C7-9ED2-23F416F4F570}.Debug|ARM.Build.0 = Debug|ARM
		{56E49CA2-914A-45C7-9ED2-23F416F4F570}.Debug|ARM.Deploy.0 = Debug|ARM
		{56E49CA2-914A-45C7-9ED2-23F416F4F570}.Debug|ARM64.ActiveCfg = Debug|ARM64
		{56E49CA2-914A-45C7-9ED2-23F416F4F570}.Debug|ARM64.Build.0 = Debug|ARM64
		{56E49CA2-914A-45C7-9ED2-23F416F4F570}.Debug|ARM64.Deploy.0 = Debug|ARM64
		{56E49CA2-914A-45C7-9ED2-23F416F4F570}.Debug|x64.ActiveCfg = Debug|x64
		{56E49CA2-914A-45C7-9ED2-23F416F4F570}.Debug|x64.Build.0 = Debug|x64
		{56E49CA2-914A-45C7-9ED2-23F416F4F570}.Debug|x64.Deploy.0 = Debug|x64
		{56E49CA2-914A-45C7-9ED2-23F416F4F570}.Debug|x86.ActiveCfg = Debug|Win32
		{56E49CA2-914A-45C7-9ED2-23F416F4F570}.Debug|x86.Build.0 = Debug|Win32
		{56E49CA2-914A-45C7-9ED2-23F416F4F570}.Debug|x86.Deploy.0 = Debug|Win32
		{56E49CA2-914A-45C7-9ED2-23F416F4F570}.Release|ARM.ActiveCfg = Release|ARM
		{56E49CA2-914A-45C7-9ED2-23F416F4F570}.Release|ARM.Build.0 = Release|ARM
		{56E49CA2-914A-45C7-9ED2-23F416F4F570}.Release|ARM.Deploy.0 = Release|ARM
		{56E49CA2-914A-45C7-9ED2-23F416F4F570}.Release|ARM64.ActiveCfg = Release|ARM64
		{56E49CA2-914A-45C7-9ED2-23F416F4F570}.Release|ARM64.Build.0 = Release|ARM64
		{56E49CA2-914A-45C7-9ED2-23F416F4F570}.Release|ARM64.Deploy.0 = Release|ARM64
		{56E49CA2-914A-45C7-9ED2-23F416F4F570}.Release|x64.ActiveCfg = Release|x64
		{56E49CA2-914A-45C7-9ED2-23F416F4F570}.Release|x64.Build.0 = Release|x64
		{56E49CA2-914A-45C7-9ED2-23F416F4F570}.Release|x64.Deploy.0 = Release|x64
		{56E49CA2-914A-45C7-9ED2-23F416F4F570}.Release|x86.ActiveCfg = Release|Win32
		{56E49CA2-914A-45C7-9ED2-23F416F4F570}.Release|x86.Build.0 = Release|Win32
		{56E49CA2-914A-45C7-9ED2-23F416F4F570}.Release|x86.Deploy.0 = Release|Win32
		{E653C0F6-71A5-42F9-8063-D4C8DB8D4887}.Debug|ARM.ActiveCfg = Debug|ARM
		{E653C0F6-71A5-42F9-8063-D4C8DB8D4887}.Debug|ARM.Build.0 = Debug|ARM
		{E653C0F6-71A5-42F9-8063-D4C8DB8D4887}.Debug|ARM.Deploy.0 = Debug|ARM
		{E653C0F6-71A5-42F9-8063-D4C8DB8D4887}.Debug|ARM64.ActiveCfg = Debug|Win32
		{E653C0F6-71A5-42F9-8063-D4C8DB8D4887}.Debug|x64.ActiveCfg = Debug|x64
		{E653C0F6-71A5-42F9-8063-D4C8DB8D4887}.Debug|x64.Build.0 = Debug|x64
		{E653C0F6-71A5-42F9-8063-D4C8DB8D4887}.Debug|x64.Deploy.0 = Debug|x64
		{E653C0F6-71A5-42F9-8063-D4C8DB8D4887}.Debug|x86.ActiveCfg = Debug|Win32
		{E653C0F6-71A5-42F9-8063-D4C8DB8D4887}.Debug|x86.Build.0 = Debug|Win32
		{E653C0F6-71A5-42F9-8063-D4C8DB8D4887}.Debug|x86.Deploy.0 = Debug|Win32
		{E653C0F6-71A5-42F9-8063-D4C8DB8D4887}.Release|ARM.ActiveCfg = Release|ARM
		{E653C0F6-71A5-42F9-8063-D4C8DB8D4887}.Release|ARM.Build.0 = Release|ARM
		{E653C0F6-71A5-42F9-8063-D4C8DB8D4887}.Release|ARM.Deploy.0 = Release|ARM
		{E653C0F6-71A5-42F9-8063-D4C8DB8D4887}.Release|ARM64.ActiveCfg = Release|Win32
		{E653C0F6-71A5-42F9-8063-D4C8DB8D4887}.Release|x64.ActiveCfg = Release|x64
		{E653C0F6-71A5-42F9-8063-D4C8DB8D4887}.Release|x64.Build.0 = Release|x64
		{E653C0F6-71A5-42F9-8063-D4C8DB8D4887}.Release|x64.Deploy.0 = Release|x64
		{E653C0F6-71A5-42F9-8063-D4C8DB8D4887}.Release|x86.ActiveCfg = Release|Win32
		{E653C0F6-71A5-42F9-8063-D4C8DB8D4887}.Release|x86.Build.0 = Release|Win32
		{E653C0F6-71A5-42F9-8063-D4C8DB8D4887}.Release|x86.Deploy.0 = Release|Win32
		{A2181EB4-E748-433B-96C1-8223B2A9EF18}.Debug|ARM.ActiveCfg = Debug|ARM
		{A2181EB4-E748-433B-96C1-8223B2A9EF18}.Debug|ARM.Build.0 = Debug|ARM
		{A2181EB4-E748-433B-96C1-8223B2A9EF18}.Debug|ARM.Deploy.0 = Debug|ARM
		{A2181EB4-E748-433B-96C1-8223B2A9EF18}.Debug|ARM64.ActiveCfg = Debug|ARM64
		{A2181EB4-E748-433B-96C1-8223B2A9EF18}.Debug|ARM64.Build.0 = Debug|ARM64
		{A2181EB4-E748-433B-96C1-8223B2A9EF18}.Debug|ARM64.Deploy.0 = Debug|ARM64
		{A2181EB4-E748-433B-96C1-8223B2A9EF18}.Debug|x64.ActiveCfg = Debug|x64
		{A2181EB4-E748-433B-96C1-8223B2A9EF18}.Debug|x64.Build.0 = Debug|x64
		{A2181EB4-E748-433B-96C1-8223B2A9EF18}.Debug|x64.Deploy.0 = Debug|x64
		{A2181EB4-E748-433B-96C1-8223B2A9EF18}.Debug|x86.ActiveCfg = Debug|x86
		{A2181EB4-E748-433B-96C1-8223B2A9EF18}.Debug|x86.Build.0 = Debug|x86
		{A2181EB4-E748-433B-96C1-8223B2A9EF18}.Debug|x86.Deploy.0 = Debug|x86
		{A2181EB4-E748-433B-96C1-8223B2A9EF18}.Release|ARM.ActiveCfg = Release|ARM
		{A2181EB4-E748-433B-96C1-8223B2A9EF18}.Release|ARM.Build.0 = Release|ARM
		{A2181EB4-E748-433B-96C1-8223B2A9EF18}.Release|ARM.Deploy.0 = Release|ARM
		{A2181EB4-E748-433B-96C1-8223B2A9EF18}.Release|ARM64.ActiveCfg = Release|ARM64
		{A2181EB4-E748-433B-96C1-8223B2A9EF18}.Release|ARM64.Build.0 = Release|ARM64
		{A2181EB4-E748-433B-96C1-8223B2A9EF18}.Release|ARM64.Deploy.0 = Release|ARM64
		{A2181EB4-E748-433B-96C1-8223B2A9EF18}.Release|x64.ActiveCfg = Release|x64
		{A2181EB4-E748-433B-96C1-8223B2A9EF18}.Release|x64.Build.0 = Release|x64
		{A2181EB4-E748-433B-96C1-8223B2A9EF18}.Release|x64.Deploy.0 = Release|x64
		{A2181EB4-E748-433B-96C1-8223B2A9EF18}.Release|x86.ActiveCfg = Release|x86
		{A2181EB4-E748-433B-96C1-8223B2A9EF18}.Release|x86.Build.0 = Release|x86
		{A2181EB4-E748-433B-96C1-8223B2A9EF18}.Release|x86.Deploy.0 = Release|x86
	EndGlobalSection
	GlobalSection(SolutionProperties) = preSolution
		HideSolutionNode = FALSE
	EndGlobalSection
	GlobalSection(ExtensibilityGlobals) = postSolution
		SolutionGuid = {2961334F-3B09-4C5B-A520-C8A3C9C193EC}
	EndGlobalSection
EndGlobal
